
Microsoft Visual Studio Solution File, Format Version 12.00
# Visual Studio Version 17
VisualStudioVersion = 17.11.35222.181
MinimumVisualStudioVersion = 10.0.40219.1
Project("{FAE04EC0-301F-11D3-BF4B-00C04F79EFBC}") = "WinFormsApp1", "WinFormsApp1\WinFormsApp1.csproj", "{6997AF80-B05D-4915-BA2B-0C3B025B1D77}"
EndProject
Global
	GlobalSection(SolutionConfigurationPlatforms) = preSolution
		Debug|Any CPU = Debug|Any CPU
		Release|Any CPU = Release|Any CPU
	EndGlobalSection
	GlobalSection(ProjectConfigurationPlatforms) = postSolution
		{6997AF80-B05D-4915-BA2B-0C3B025B1D77}.Debug|Any CPU.ActiveCfg = Debug|Any CPU
		{6997AF80-B05D-4915-BA2B-0C3B025B1D77}.Debug|Any CPU.Build.0 = Debug|Any CPU
		{6997AF80-B05D-4915-BA2B-0C3B025B1D77}.Release|Any CPU.ActiveCfg = Release|Any CPU
		{6997AF80-B05D-4915-BA2B-0C3B025B1D77}.Release|Any CPU.Build.0 = Release|Any CPU
	EndGlobalSection
	GlobalSection(SolutionProperties) = preSolution
		HideSolutionNode = FALSE
	EndGlobalSection
	GlobalSection(ExtensibilityGlobals) = postSolution
		SolutionGuid = {758B82A8-6C3A-47C9-916D-0CD889BC0B0D}
	EndGlobalSection
EndGlobal
